Microsoft Visual Studio Solution File, Format Version 12.00
# Visual Studio 15
VisualStudioVersion = 15.0.27004.2002
MinimumVisualStudioVersion = 10.0.40219.1
Project("{9A19103F-16F7-4668-BE54-9A1E7A4F7556}") = "DayPrinter", "DayPrinter\DayPrinter.csproj", "{B3E76AAA-3BE8-49C7-A831-64EF68C6F28D}"
EndProject
Project("{9A19103F-16F7-4668-BE54-9A1E7A4F7556}") = "ElseIf", "ElseIf\ElseIf.csproj", "{C7008ACC-EE4B-49CC-B7FB-5F9F95E257A9}"
EndProject
Project("{9A19103F-16F7-4668-BE54-9A1E7A4F7556}") = "TempConv", "TempConv\TempConv.csproj", "{6D18F93D-E26F-4FF4-ABF2-1450FD9FB19D}"
EndProject
Project("{9A19103F-16F7-4668-BE54-9A1E7A4F7556}") = "HelloMethods", "HelloMethods\HelloMethods.csproj", "{9B69E0D2-FBD5-4FB4-9D40-768AE4F57300}"
EndProject
Project("{9A19103F-16F7-4668-BE54-9A1E7A4F7556}") = "Gradebook", "Gradebook\Gradebook.csproj", "{9E08496B-2501-4CBF-844F-8FD7BA97F4E6}"
EndProject
Project("{9A19103F-16F7-4668-BE54-9A1E7A4F7556}") = "GradebookDict", "GradebookDict\GradebookDict.csproj", "{EFCB1B91-2E92-478F-BFF7-013FF6911DCC}"
EndProject
Project("{9A19103F-16F7-4668-BE54-9A1E7A4F7556}") = "GradebookArray", "GradebookArray\GradebookArray.csproj", "{89051A0E-8D18-48C3-B4E6-D05F62D252CE}"
EndProject
Project("{9A19103F-16F7-4668-BE54-9A1E7A4F7556}") = "DemoThing", "Demo1\DemoThing.csproj", "{FB62AE41-CBEB-4F98-A5AB-92B42D22697E}"
EndProject
Project("{9A19103F-16F7-4668-BE54-9A1E7A4F7556}") = "Area", "Area\Area.csproj", "{79BA2D10-7911-469A-98A6-8264C700874B}"
EndProject
Project("{9A19103F-16F7-4668-BE54-9A1E7A4F7556}") = "HelloWorld", "HelloWorld\HelloWorld.csproj", "{A7C92769-0638-46EB-889A-BE50F65638A0}"
EndProject
Project("{9A19103F-16F7-4668-BE54-9A1E7A4F7556}") = "LiveCodeClass2", "LiveCodeClass2\LiveCodeClass2.csproj", "{92548562-8684-4A8E-879C-B142ABF79308}"
EndProject
Project("{9A19103F-16F7-4668-BE54-9A1E7A4F7556}") = "CountingCharacters", "CountingCharacters\CountingCharacters.csproj", "{887A5063-5918-4628-8C50-046ABE6D1483}"
EndProject
Project("{9A19103F-16F7-4668-BE54-9A1E7A4F7556}") = "Comics", "Comics\Comics.csproj", "{A0A861C3-D997-4D39-A325-9762B23B2316}"
EndProject
Project("{FAE04EC0-301F-11D3-BF4B-00C04F79EFBC}") = "School", "School\School.csproj", "{205920A4-6320-4917-B41C-6DA48BBE6670}"
EndProject
Global
	GlobalSection(SolutionConfigurationPlatforms) = preSolution
		Debug|Any CPU = Debug|Any CPU
		Debug|ARM = Debug|ARM
		Debug|x64 = Debug|x64
		Debug|x86 = Debug|x86
		Release|Any CPU = Release|Any CPU
		Release|ARM = Release|ARM
		Release|x64 = Release|x64
		Release|x86 = Release|x86
	EndGlobalSection
	GlobalSection(ProjectConfigurationPlatforms) = postSolution
		{B3E76AAA-3BE8-49C7-A831-64EF68C6F28D}.Debug|Any CPU.ActiveCfg = Debug|Any CPU
		{B3E76AAA-3BE8-49C7-A831-64EF68C6F28D}.Debug|Any CPU.Build.0 = Debug|Any CPU
		{B3E76AAA-3BE8-49C7-A831-64EF68C6F28D}.Debug|ARM.ActiveCfg = Debug|Any CPU
		{B3E76AAA-3BE8-49C7-A831-64EF68C6F28D}.Debug|ARM.Build.0 = Debug|Any CPU
		{B3E76AAA-3BE8-49C7-A831-64EF68C6F28D}.Debug|x64.ActiveCfg = Debug|Any CPU
		{B3E76AAA-3BE8-49C7-A831-64EF68C6F28D}.Debug|x64.Build.0 = Debug|Any CPU
		{B3E76AAA-3BE8-49C7-A831-64EF68C6F28D}.Debug|x86.ActiveCfg = Debug|Any CPU
		{B3E76AAA-3BE8-49C7-A831-64EF68C6F28D}.Debug|x86.Build.0 = Debug|Any CPU
		{B3E76AAA-3BE8-49C7-A831-64EF68C6F28D}.Release|Any CPU.ActiveCfg = Release|Any CPU
		{B3E76AAA-3BE8-49C7-A831-64EF68C6F28D}.Release|Any CPU.Build.0 = Release|Any CPU
		{B3E76AAA-3BE8-49C7-A831-64EF68C6F28D}.Release|ARM.ActiveCfg = Release|Any CPU
		{B3E76AAA-3BE8-49C7-A831-64EF68C6F28D}.Release|ARM.Build.0 = Release|Any CPU
		{B3E76AAA-3BE8-49C7-A831-64EF68C6F28D}.Release|x64.ActiveCfg = Release|Any CPU
		{B3E76AAA-3BE8-49C7-A831-64EF68C6F28D}.Release|x64.Build.0 = Release|Any CPU
		{B3E76AAA-3BE8-49C7-A831-64EF68C6F28D}.Release|x86.ActiveCfg = Release|Any CPU
		{B3E76AAA-3BE8-49C7-A831-64EF68C6F28D}.Release|x86.Build.0 = Release|Any CPU
		{C7008ACC-EE4B-49CC-B7FB-5F9F95E257A9}.Debug|Any CPU.ActiveCfg = Debug|Any CPU
		{C7008ACC-EE4B-49CC-B7FB-5F9F95E257A9}.Debug|Any CPU.Build.0 = Debug|Any CPU
		{C7008ACC-EE4B-49CC-B7FB-5F9F95E257A9}.Debug|ARM.ActiveCfg = Debug|Any CPU
		{C7008ACC-EE4B-49CC-B7FB-5F9F95E257A9}.Debug|ARM.Build.0 = Debug|Any CPU
		{C7008ACC-EE4B-49CC-B7FB-5F9F95E257A9}.Debug|x64.ActiveCfg = Debug|Any CPU
		{C7008ACC-EE4B-49CC-B7FB-5F9F95E257A9}.Debug|x64.Build.0 = Debug|Any CPU
		{C7008ACC-EE4B-49CC-B7FB-5F9F95E257A9}.Debug|x86.ActiveCfg = Debug|Any CPU
		{C7008ACC-EE4B-49CC-B7FB-5F9F95E257A9}.Debug|x86.Build.0 = Debug|Any CPU
		{C7008ACC-EE4B-49CC-B7FB-5F9F95E257A9}.Release|Any CPU.ActiveCfg = Release|Any CPU
		{C7008ACC-EE4B-49CC-B7FB-5F9F95E257A9}.Release|Any CPU.Build.0 = Release|Any CPU
		{C7008ACC-EE4B-49CC-B7FB-5F9F95E257A9}.Release|ARM.ActiveCfg = Release|Any CPU
		{C7008ACC-EE4B-49CC-B7FB-5F9F95E257A9}.Release|ARM.Build.0 = Release|Any CPU
		{C7008ACC-EE4B-49CC-B7FB-5F9F95E257A9}.Release|x64.ActiveCfg = Release|Any CPU
		{C7008ACC-EE4B-49CC-B7FB-5F9F95E257A9}.Release|x64.Build.0 = Release|Any CPU
		{C7008ACC-EE4B-49CC-B7FB-5F9F95E257A9}.Release|x86.ActiveCfg = Release|Any CPU
		{C7008ACC-EE4B-49CC-B7FB-5F9F95E257A9}.Release|x86.Build.0 = Release|Any CPU
		{6D18F93D-E26F-4FF4-ABF2-1450FD9FB19D}.Debug|Any CPU.ActiveCfg = Debug|Any CPU
		{6D18F93D-E26F-4FF4-ABF2-1450FD9FB19D}.Debug|Any CPU.Build.0 = Debug|Any CPU
		{6D18F93D-E26F-4FF4-ABF2-1450FD9FB19D}.Debug|ARM.ActiveCfg = Debug|Any CPU
		{6D18F93D-E26F-4FF4-ABF2-1450FD9FB19D}.Debug|ARM.Build.0 = Debug|Any CPU
		{6D18F93D-E26F-4FF4-ABF2-1450FD9FB19D}.Debug|x64.ActiveCfg = Debug|Any CPU
		{6D18F93D-E26F-4FF4-ABF2-1450FD9FB19D}.Debug|x64.Build.0 = Debug|Any CPU
		{6D18F93D-E26F-4FF4-ABF2-1450FD9FB19D}.Debug|x86.ActiveCfg = Debug|Any CPU
		{6D18F93D-E26F-4FF4-ABF2-1450FD9FB19D}.Debug|x86.Build.0 = Debug|Any CPU
		{6D18F93D-E26F-4FF4-ABF2-1450FD9FB19D}.Release|Any CPU.ActiveCfg = Release|Any CPU
		{6D18F93D-E26F-4FF4-ABF2-1450FD9FB19D}.Release|Any CPU.Build.0 = Release|Any CPU
		{6D18F93D-E26F-4FF4-ABF2-1450FD9FB19D}.Release|ARM.ActiveCfg = Release|Any CPU
		{6D18F93D-E26F-4FF4-ABF2-1450FD9FB19D}.Release|ARM.Build.0 = Release|Any CPU
		{6D18F93D-E26F-4FF4-ABF2-1450FD9FB19D}.Release|x64.ActiveCfg = Release|Any CPU
		{6D18F93D-E26F-4FF4-ABF2-1450FD9FB19D}.Release|x64.Build.0 = Release|Any CPU
		{6D18F93D-E26F-4FF4-ABF2-1450FD9FB19D}.Release|x86.ActiveCfg = Release|Any CPU
		{6D18F93D-E26F-4FF4-ABF2-1450FD9FB19D}.Release|x86.Build.0 = Release|Any CPU
		{9B69E0D2-FBD5-4FB4-9D40-768AE4F57300}.Debug|Any CPU.ActiveCfg = Debug|Any CPU
		{9B69E0D2-FBD5-4FB4-9D40-768AE4F57300}.Debug|Any CPU.Build.0 = Debug|Any CPU
		{9B69E0D2-FBD5-4FB4-9D40-768AE4F57300}.Debug|ARM.ActiveCfg = Debug|Any CPU
		{9B69E0D2-FBD5-4FB4-9D40-768AE4F57300}.Debug|ARM.Build.0 = Debug|Any CPU
		{9B69E0D2-FBD5-4FB4-9D40-768AE4F57300}.Debug|x64.ActiveCfg = Debug|Any CPU
		{9B69E0D2-FBD5-4FB4-9D40-768AE4F57300}.Debug|x64.Build.0 = Debug|Any CPU
		{9B69E0D2-FBD5-4FB4-9D40-768AE4F57300}.Debug|x86.ActiveCfg = Debug|Any CPU
		{9B69E0D2-FBD5-4FB4-9D40-768AE4F57300}.Debug|x86.Build.0 = Debug|Any CPU
		{9B69E0D2-FBD5-4FB4-9D40-768AE4F57300}.Release|Any CPU.ActiveCfg = Release|Any CPU
		{9B69E0D2-FBD5-4FB4-9D40-768AE4F57300}.Release|Any CPU.Build.0 = Release|Any CPU
		{9B69E0D2-FBD5-4FB4-9D40-768AE4F57300}.Release|ARM.ActiveCfg = Release|Any CPU
		{9B69E0D2-FBD5-4FB4-9D40-768AE4F57300}.Release|ARM.Build.0 = Release|Any CPU
		{9B69E0D2-FBD5-4FB4-9D40-768AE4F57300}.Release|x64.ActiveCfg = Release|Any CPU
		{9B69E0D2-FBD5-4FB4-9D40-768AE4F57300}.Release|x64.Build.0 = Release|Any CPU
		{9B69E0D2-FBD5-4FB4-9D40-768AE4F57300}.Release|x86.ActiveCfg = Release|Any CPU
		{9B69E0D2-FBD5-4FB4-9D40-768AE4F57300}.Release|x86.Build.0 = Release|Any CPU
		{9E08496B-2501-4CBF-844F-8FD7BA97F4E6}.Debug|Any CPU.ActiveCfg = Debug|Any CPU
		{9E08496B-2501-4CBF-844F-8FD7BA97F4E6}.Debug|Any CPU.Build.0 = Debug|Any CPU
		{9E08496B-2501-4CBF-844F-8FD7BA97F4E6}.Debug|ARM.ActiveCfg = Debug|Any CPU
		{9E08496B-2501-4CBF-844F-8FD7BA97F4E6}.Debug|ARM.Build.0 = Debug|Any CPU
		{9E08496B-2501-4CBF-844F-8FD7BA97F4E6}.Debug|x64.ActiveCfg = Debug|Any CPU
		{9E08496B-2501-4CBF-844F-8FD7BA97F4E6}.Debug|x64.Build.0 = Debug|Any CPU
		{9E08496B-2501-4CBF-844F-8FD7BA97F4E6}.Debug|x86.ActiveCfg = Debug|Any CPU
		{9E08496B-2501-4CBF-844F-8FD7BA97F4E6}.Debug|x86.Build.0 = Debug|Any CPU
		{9E08496B-2501-4CBF-844F-8FD7BA97F4E6}.Release|Any CPU.ActiveCfg = Release|Any CPU
		{9E08496B-2501-4CBF-844F-8FD7BA97F4E6}.Release|Any CPU.Build.0 = Release|Any CPU
		{9E08496B-2501-4CBF-844F-8FD7BA97F4E6}.Release|ARM.ActiveCfg = Release|Any CPU
		{9E08496B-2501-4CBF-844F-8FD7BA97F4E6}.Release|ARM.Build.0 = Release|Any CPU
		{9E08496B-2501-4CBF-844F-8FD7BA97F4E6}.Release|x64.ActiveCfg = Release|Any CPU
		{9E08496B-2501-4CBF-844F-8FD7BA97F4E6}.Release|x64.Build.0 = Release|Any CPU
		{9E08496B-2501-4CBF-844F-8FD7BA97F4E6}.Release|x86.ActiveCfg = Release|Any CPU
		{9E08496B-2501-4CBF-844F-8FD7BA97F4E6}.Release|x86.Build.0 = Release|Any CPU
		{EFCB1B91-2E92-478F-BFF7-013FF6911DCC}.Debug|Any CPU.ActiveCfg = Debug|Any CPU
		{EFCB1B91-2E92-478F-BFF7-013FF6911DCC}.Debug|Any CPU.Build.0 = Debug|Any CPU
		{EFCB1B91-2E92-478F-BFF7-013FF6911DCC}.Debug|ARM.ActiveCfg = Debug|Any CPU
		{EFCB1B91-2E92-478F-BFF7-013FF6911DCC}.Debug|ARM.Build.0 = Debug|Any CPU
		{EFCB1B91-2E92-478F-BFF7-013FF6911DCC}.Debug|x64.ActiveCfg = Debug|Any CPU
		{EFCB1B91-2E92-478F-BFF7-013FF6911DCC}.Debug|x64.Build.0 = Debug|Any CPU
		{EFCB1B91-2E92-478F-BFF7-013FF6911DCC}.Debug|x86.ActiveCfg = Debug|Any CPU
		{EFCB1B91-2E92-478F-BFF7-013FF6911DCC}.Debug|x86.Build.0 = Debug|Any CPU
		{EFCB1B91-2E92-478F-BFF7-013FF6911DCC}.Release|Any CPU.ActiveCfg = Release|Any CPU
		{EFCB1B91-2E92-478F-BFF7-013FF6911DCC}.Release|Any CPU.Build.0 = Release|Any CPU
		{EFCB1B91-2E92-478F-BFF7-013FF6911DCC}.Release|ARM.ActiveCfg = Release|Any CPU
		{EFCB1B91-2E92-478F-BFF7-013FF6911DCC}.Release|ARM.Build.0 = Release|Any CPU
		{EFCB1B91-2E92-478F-BFF7-013FF6911DCC}.Release|x64.ActiveCfg = Release|Any CPU
		{EFCB1B91-2E92-478F-BFF7-013FF6911DCC}.Release|x64.Build.0 = Release|Any CPU
		{EFCB1B91-2E92-478F-BFF7-013FF6911DCC}.Release|x86.ActiveCfg = Release|Any CPU
		{EFCB1B91-2E92-478F-BFF7-013FF6911DCC}.Release|x86.Build.0 = Release|Any CPU
		{89051A0E-8D18-48C3-B4E6-D05F62D252CE}.Debug|Any CPU.ActiveCfg = Debug|Any CPU
		{89051A0E-8D18-48C3-B4E6-D05F62D252CE}.Debug|Any CPU.Build.0 = Debug|Any CPU
		{89051A0E-8D18-48C3-B4E6-D05F62D252CE}.Debug|ARM.ActiveCfg = Debug|Any CPU
		{89051A0E-8D18-48C3-B4E6-D05F62D252CE}.Debug|ARM.Build.0 = Debug|Any CPU
		{89051A0E-8D18-48C3-B4E6-D05F62D252CE}.Debug|x64.ActiveCfg = Debug|Any CPU
		{89051A0E-8D18-48C3-B4E6-D05F62D252CE}.Debug|x64.Build.0 = Debug|Any CPU
		{89051A0E-8D18-48C3-B4E6-D05F62D252CE}.Debug|x86.ActiveCfg = Debug|Any CPU
		{89051A0E-8D18-48C3-B4E6-D05F62D252CE}.Debug|x86.Build.0 = Debug|Any CPU
		{89051A0E-8D18-48C3-B4E6-D05F62D252CE}.Release|Any CPU.ActiveCfg = Release|Any CPU
		{89051A0E-8D18-48C3-B4E6-D05F62D252CE}.Release|Any CPU.Build.0 = Release|Any CPU
		{89051A0E-8D18-48C3-B4E6-D05F62D252CE}.Release|ARM.ActiveCfg = Release|Any CPU
		{89051A0E-8D18-48C3-B4E6-D05F62D252CE}.Release|ARM.Build.0 = Release|Any CPU
		{89051A0E-8D18-48C3-B4E6-D05F62D252CE}.Release|x64.ActiveCfg = Release|Any CPU
		{89051A0E-8D18-48C3-B4E6-D05F62D252CE}.Release|x64.Build.0 = Release|Any CPU
		{89051A0E-8D18-48C3-B4E6-D05F62D252CE}.Release|x86.ActiveCfg = Release|Any CPU
		{89051A0E-8D18-48C3-B4E6-D05F62D252CE}.Release|x86.Build.0 = Release|Any CPU
		{FB62AE41-CBEB-4F98-A5AB-92B42D22697E}.Debug|Any CPU.ActiveCfg = Debug|Any CPU
		{FB62AE41-CBEB-4F98-A5AB-92B42D22697E}.Debug|Any CPU.Build.0 = Debug|Any CPU
		{FB62AE41-CBEB-4F98-A5AB-92B42D22697E}.Debug|ARM.ActiveCfg = Debug|Any CPU
		{FB62AE41-CBEB-4F98-A5AB-92B42D22697E}.Debug|ARM.Build.0 = Debug|Any CPU
		{FB62AE41-CBEB-4F98-A5AB-92B42D22697E}.Debug|x64.ActiveCfg = Debug|Any CPU
		{FB62AE41-CBEB-4F98-A5AB-92B42D22697E}.Debug|x64.Build.0 = Debug|Any CPU
		{FB62AE41-CBEB-4F98-A5AB-92B42D22697E}.Debug|x86.ActiveCfg = Debug|Any CPU
		{FB62AE41-CBEB-4F98-A5AB-92B42D22697E}.Debug|x86.Build.0 = Debug|Any CPU
		{FB62AE41-CBEB-4F98-A5AB-92B42D22697E}.Release|Any CPU.ActiveCfg = Release|Any CPU
		{FB62AE41-CBEB-4F98-A5AB-92B42D22697E}.Release|Any CPU.Build.0 = Release|Any CPU
		{FB62AE41-CBEB-4F98-A5AB-92B42D22697E}.Release|ARM.ActiveCfg = Release|Any CPU
		{FB62AE41-CBEB-4F98-A5AB-92B42D22697E}.Release|ARM.Build.0 = Release|Any CPU
		{FB62AE41-CBEB-4F98-A5AB-92B42D22697E}.Release|x64.ActiveCfg = Release|Any CPU
		{FB62AE41-CBEB-4F98-A5AB-92B42D22697E}.Release|x64.Build.0 = Release|Any CPU
		{FB62AE41-CBEB-4F98-A5AB-92B42D22697E}.Release|x86.ActiveCfg = Release|Any CPU
		{FB62AE41-CBEB-4F98-A5AB-92B42D22697E}.Release|x86.Build.0 = Release|Any CPU
		{79BA2D10-7911-469A-98A6-8264C700874B}.Debug|Any CPU.ActiveCfg = Debug|Any CPU
		{79BA2D10-7911-469A-98A6-8264C700874B}.Debug|Any CPU.Build.0 = Debug|Any CPU
		{79BA2D10-7911-469A-98A6-8264C700874B}.Debug|ARM.ActiveCfg = Debug|Any CPU
		{79BA2D10-7911-469A-98A6-8264C700874B}.Debug|ARM.Build.0 = Debug|Any CPU
		{79BA2D10-7911-469A-98A6-8264C700874B}.Debug|x64.ActiveCfg = Debug|Any CPU
		{79BA2D10-7911-469A-98A6-8264C700874B}.Debug|x64.Build.0 = Debug|Any CPU
		{79BA2D10-7911-469A-98A6-8264C700874B}.Debug|x86.ActiveCfg = Debug|Any CPU
		{79BA2D10-7911-469A-98A6-8264C700874B}.Debug|x86.Build.0 = Debug|Any CPU
		{79BA2D10-7911-469A-98A6-8264C700874B}.Release|Any CPU.ActiveCfg = Release|Any CPU
		{79BA2D10-7911-469A-98A6-8264C700874B}.Release|Any CPU.Build.0 = Release|Any CPU
		{79BA2D10-7911-469A-98A6-8264C700874B}.Release|ARM.ActiveCfg = Release|Any CPU
		{79BA2D10-7911-469A-98A6-8264C700874B}.Release|ARM.Build.0 = Release|Any CPU
		{79BA2D10-7911-469A-98A6-8264C700874B}.Release|x64.ActiveCfg = Release|Any CPU
		{79BA2D10-7911-469A-98A6-8264C700874B}.Release|x64.Build.0 = Release|Any CPU
		{79BA2D10-7911-469A-98A6-8264C700874B}.Release|x86.ActiveCfg = Release|Any CPU
		{79BA2D10-7911-469A-98A6-8264C700874B}.Release|x86.Build.0 = Release|Any CPU
		{A7C92769-0638-46EB-889A-BE50F65638A0}.Debug|Any CPU.ActiveCfg = Debug|Any CPU
		{A7C92769-0638-46EB-889A-BE50F65638A0}.Debug|Any CPU.Build.0 = Debug|Any CPU
		{A7C92769-0638-46EB-889A-BE50F65638A0}.Debug|ARM.ActiveCfg = Debug|Any CPU
		{A7C92769-0638-46EB-889A-BE50F65638A0}.Debug|ARM.Build.0 = Debug|Any CPU
		{A7C92769-0638-46EB-889A-BE50F65638A0}.Debug|x64.ActiveCfg = Debug|Any CPU
		{A7C92769-0638-46EB-889A-BE50F65638A0}.Debug|x64.Build.0 = Debug|Any CPU
		{A7C92769-0638-46EB-889A-BE50F65638A0}.Debug|x86.ActiveCfg = Debug|Any CPU
		{A7C92769-0638-46EB-889A-BE50F65638A0}.Debug|x86.Build.0 = Debug|Any CPU
		{A7C92769-0638-46EB-889A-BE50F65638A0}.Release|Any CPU.ActiveCfg = Release|Any CPU
		{A7C92769-0638-46EB-889A-BE50F65638A0}.Release|Any CPU.Build.0 = Release|Any CPU
		{A7C92769-0638-46EB-889A-BE50F65638A0}.Release|ARM.ActiveCfg = Release|Any CPU
		{A7C92769-0638-46EB-889A-BE50F65638A0}.Release|ARM.Build.0 = Release|Any CPU
		{A7C92769-0638-46EB-889A-BE50F65638A0}.Release|x64.ActiveCfg = Release|Any CPU
		{A7C92769-0638-46EB-889A-BE50F65638A0}.Release|x64.Build.0 = Release|Any CPU
		{A7C92769-0638-46EB-889A-BE50F65638A0}.Release|x86.ActiveCfg = Release|Any CPU
		{A7C92769-0638-46EB-889A-BE50F65638A0}.Release|x86.Build.0 = Release|Any CPU
		{92548562-8684-4A8E-879C-B142ABF79308}.Debug|Any CPU.ActiveCfg = Debug|Any CPU
		{92548562-8684-4A8E-879C-B142ABF79308}.Debug|Any CPU.Build.0 = Debug|Any CPU
		{92548562-8684-4A8E-879C-B142ABF79308}.Debug|ARM.ActiveCfg = Debug|Any CPU
		{92548562-8684-4A8E-879C-B142ABF79308}.Debug|ARM.Build.0 = Debug|Any CPU
		{92548562-8684-4A8E-879C-B142ABF79308}.Debug|x64.ActiveCfg = Debug|Any CPU
		{92548562-8684-4A8E-879C-B142ABF79308}.Debug|x64.Build.0 = Debug|Any CPU
		{92548562-8684-4A8E-879C-B142ABF79308}.Debug|x86.ActiveCfg = Debug|Any CPU
		{92548562-8684-4A8E-879C-B142ABF79308}.Debug|x86.Build.0 = Debug|Any CPU
		{92548562-8684-4A8E-879C-B142ABF79308}.Release|Any CPU.ActiveCfg = Release|Any CPU
		{92548562-8684-4A8E-879C-B142ABF79308}.Release|Any CPU.Build.0 = Release|Any CPU
		{92548562-8684-4A8E-879C-B142ABF79308}.Release|ARM.ActiveCfg = Release|Any CPU
		{92548562-8684-4A8E-879C-B142ABF79308}.Release|ARM.Build.0 = Release|Any CPU
		{92548562-8684-4A8E-879C-B142ABF79308}.Release|x64.ActiveCfg = Release|Any CPU
		{92548562-8684-4A8E-879C-B142ABF79308}.Release|x64.Build.0 = Release|Any CPU
		{92548562-8684-4A8E-879C-B142ABF79308}.Release|x86.ActiveCfg = Release|Any CPU
		{92548562-8684-4A8E-879C-B142ABF79308}.Release|x86.Build.0 = Release|Any CPU
		{887A5063-5918-4628-8C50-046ABE6D1483}.Debug|Any CPU.ActiveCfg = Debug|Any CPU
		{887A5063-5918-4628-8C50-046ABE6D1483}.Debug|Any CPU.Build.0 = Debug|Any CPU
		{887A5063-5918-4628-8C50-046ABE6D1483}.Debug|ARM.ActiveCfg = Debug|Any CPU
		{887A5063-5918-4628-8C50-046ABE6D1483}.Debug|ARM.Build.0 = Debug|Any CPU
		{887A5063-5918-4628-8C50-046ABE6D1483}.Debug|x64.ActiveCfg = Debug|Any CPU
		{887A5063-5918-4628-8C50-046ABE6D1483}.Debug|x64.Build.0 = Debug|Any CPU
		{887A5063-5918-4628-8C50-046ABE6D1483}.Debug|x86.ActiveCfg = Debug|Any CPU
		{887A5063-5918-4628-8C50-046ABE6D1483}.Debug|x86.Build.0 = Debug|Any CPU
		{887A5063-5918-4628-8C50-046ABE6D1483}.Release|Any CPU.ActiveCfg = Release|Any CPU
		{887A5063-5918-4628-8C50-046ABE6D1483}.Release|Any CPU.Build.0 = Release|Any CPU
		{887A5063-5918-4628-8C50-046ABE6D1483}.Release|ARM.ActiveCfg = Release|Any CPU
		{887A5063-5918-4628-8C50-046ABE6D1483}.Release|ARM.Build.0 = Release|Any CPU
		{887A5063-5918-4628-8C50-046ABE6D1483}.Release|x64.ActiveCfg = Release|Any CPU
		{887A5063-5918-4628-8C50-046ABE6D1483}.Release|x64.Build.0 = Release|Any CPU
		{887A5063-5918-4628-8C50-046ABE6D1483}.Release|x86.ActiveCfg = Release|Any CPU
		{887A5063-5918-4628-8C50-046ABE6D1483}.Release|x86.Build.0 = Release|Any CPU
		{A0A861C3-D997-4D39-A325-9762B23B2316}.Debug|Any CPU.ActiveCfg = Debug|Any CPU
		{A0A861C3-D997-4D39-A325-9762B23B2316}.Debug|Any CPU.Build.0 = Debug|Any CPU
		{A0A861C3-D997-4D39-A325-9762B23B2316}.Debug|ARM.ActiveCfg = Debug|Any CPU
		{A0A861C3-D997-4D39-A325-9762B23B2316}.Debug|ARM.Build.0 = Debug|Any CPU
		{A0A861C3-D997-4D39-A325-9762B23B2316}.Debug|x64.ActiveCfg = Debug|Any CPU
		{A0A861C3-D997-4D39-A325-9762B23B2316}.Debug|x64.Build.0 = Debug|Any CPU
		{A0A861C3-D997-4D39-A325-9762B23B2316}.Debug|x86.ActiveCfg = Debug|Any CPU
		{A0A861C3-D997-4D39-A325-9762B23B2316}.Debug|x86.Build.0 = Debug|Any CPU
		{A0A861C3-D997-4D39-A325-9762B23B2316}.Release|Any CPU.ActiveCfg = Release|Any CPU
		{A0A861C3-D997-4D39-A325-9762B23B2316}.Release|Any CPU.Build.0 = Release|Any CPU
		{A0A861C3-D997-4D39-A325-9762B23B2316}.Release|ARM.ActiveCfg = Release|Any CPU
		{A0A861C3-D997-4D39-A325-9762B23B2316}.Release|ARM.Build.0 = Release|Any CPU
		{A0A861C3-D997-4D39-A325-9762B23B2316}.Release|x64.ActiveCfg = Release|Any CPU
		{A0A861C3-D997-4D39-A325-9762B23B2316}.Release|x64.Build.0 = Release|Any CPU
		{A0A861C3-D997-4D39-A325-9762B23B2316}.Release|x86.ActiveCfg = Release|Any CPU
		{A0A861C3-D997-4D39-A325-9762B23B2316}.Release|x86.Build.0 = Release|Any CPU
		{205920A4-6320-4917-B41C-6DA48BBE6670}.Debug|Any CPU.ActiveCfg = Debug|Any CPU
		{205920A4-6320-4917-B41C-6DA48BBE6670}.Debug|Any CPU.Build.0 = Debug|Any CPU
		{205920A4-6320-4917-B41C-6DA48BBE6670}.Debug|ARM.ActiveCfg = Debug|Any CPU
		{205920A4-6320-4917-B41C-6DA48BBE6670}.Debug|ARM.Build.0 = Debug|Any CPU
		{205920A4-6320-4917-B41C-6DA48BBE6670}.Debug|x64.ActiveCfg = Debug|Any CPU
		{205920A4-6320-4917-B41C-6DA48BBE6670}.Debug|x64.Build.0 = Debug|Any CPU
		{205920A4-6320-4917-B41C-6DA48BBE6670}.Debug|x86.ActiveCfg = Debug|Any CPU
		{205920A4-6320-4917-B41C-6DA48BBE6670}.Debug|x86.Build.0 = Debug|Any CPU
		{205920A4-6320-4917-B41C-6DA48BBE6670}.Release|Any CPU.ActiveCfg = Release|Any CPU
		{205920A4-6320-4917-B41C-6DA48BBE6670}.Release|Any CPU.Build.0 = Release|Any CPU
		{205920A4-6320-4917-B41C-6DA48BBE6670}.Release|ARM.ActiveCfg = Release|Any CPU
		{205920A4-6320-4917-B41C-6DA48BBE6670}.Release|ARM.Build.0 = Release|Any CPU
		{205920A4-6320-4917-B41C-6DA48BBE6670}.Release|x64.ActiveCfg = Release|Any CPU
		{205920A4-6320-4917-B41C-6DA48BBE6670}.Release|x64.Build.0 = Release|Any CPU
		{205920A4-6320-4917-B41C-6DA48BBE6670}.Release|x86.ActiveCfg = Release|Any CPU
		{205920A4-6320-4917-B41C-6DA48BBE6670}.Release|x86.Build.0 = Release|Any CPU
	EndGlobalSection
	GlobalSection(SolutionProperties) = preSolution
		HideSolutionNode = FALSE
	EndGlobalSection
	GlobalSection(ExtensibilityGlobals) = postSolution
		SolutionGuid = {33F411B4-4F37-44F1-A1E8-DF9A6FCD8CFA}
	EndGlobalSection
EndGlobal
