
Microsoft Visual Studio Solution File, Format Version 12.00
# Visual Studio 15
VisualStudioVersion = 15.0.27004.2002
MinimumVisualStudioVersion = 10.0.40219.1
Project("{FAE04EC0-301F-11D3-BF4B-00C04F79EFBC}") = "CheeseMVCnew", "CheeseMVCnew\CheeseMVCnew.csproj", "{49FBC368-6057-41FF-808D-C8EABD0558C0}"
EndProject
Global
	GlobalSection(SolutionConfigurationPlatforms) = preSolution
		Debug|Any CPU = Debug|Any CPU
		Release|Any CPU = Release|Any CPU
	EndGlobalSection
	GlobalSection(ProjectConfigurationPlatforms) = postSolution
		{49FBC368-6057-41FF-808D-C8EABD0558C0}.Debug|Any CPU.ActiveCfg = Debug|Any CPU
		{49FBC368-6057-41FF-808D-C8EABD0558C0}.Debug|Any CPU.Build.0 = Debug|Any CPU
		{49FBC368-6057-41FF-808D-C8EABD0558C0}.Release|Any CPU.ActiveCfg = Release|Any CPU
		{49FBC368-6057-41FF-808D-C8EABD0558C0}.Release|Any CPU.Build.0 = Release|Any CPU
	EndGlobalSection
	GlobalSection(SolutionProperties) = preSolution
		HideSolutionNode = FALSE
	EndGlobalSection
	GlobalSection(ExtensibilityGlobals) = postSolution
		SolutionGuid = {5E71F516-7BB7-4F5A-B0C2-1B2788D06328}
	EndGlobalSection
EndGlobal
